<?xml version="1.0" encoding="utf-8"?>
<Project ToolsVersion="4.0" xmlns="http://schemas.microsoft.com/developer/msbuild/2003">
  <ItemGroup>
    <Filter Include="Исходные файлы">
      <UniqueIdentifier>{4FC737F1-C7A5-4376-A066-2A32D752A2FF}</UniqueIdentifier>
      <Extensions>cpp;c;cc;cxx;def;odl;idl;hpj;bat;asm;asmx</Extensions>
    </Filter>
    <Filter Include="Файлы заголовков">
      <UniqueIdentifier>{93995380-89BD-4b04-88EB-625FBE52EBFB}</UniqueIdentifier>
      <Extensions>h;hh;hpp;hxx;hm;inl;inc;ipp;xsd</Extensions>
    </Filter>
    <Filter Include="Файлы ресурсов">
      <UniqueIdentifier>{67DA6AB6-F800-4c08-8B7A-83BB121AAD01}</UniqueIdentifier>
      <Extensions>rc;ico;cur;bmp;dlg;rc2;rct;bin;rgs;gif;jpg;jpeg;jpe;resx;tiff;tif;png;wav;mfcribbon-ms</Extensions>
    </Filter>
    <Filter Include="Исходные файлы\Ford_Fulkerson">
      <UniqueIdentifier>{9e9cecd3-a32f-4beb-bfbb-931dc1a8138d}</UniqueIdentifier>
    </Filter>
    <Filter Include="Файлы заголовков\Ford_Fulkerson">
      <UniqueIdentifier>{57762788-5642-416e-8c09-f5ab59a49921}</UniqueIdentifier>
    </Filter>
    <Filter Include="Исходные файлы\IO">
      <UniqueIdentifier>{11bda9a5-5f44-4c58-ae02-9ed8328c1a7e}</UniqueIdentifier>
    </Filter>
    <Filter Include="Файлы заголовков\IO">
      <UniqueIdentifier>{eb598805-cdb3-4737-9028-ccccee8490cb}</UniqueIdentifier>
    </Filter>
    <Filter Include="Файлы заголовков\Network">
      <UniqueIdentifier>{4dc81fc6-c8e5-42c3-853c-7226b1b45013}</UniqueIdentifier>
    </Filter>
    <Filter Include="Исходные файлы\Network">
      <UniqueIdentifier>{00148f78-805c-482d-b30a-ea6d5ec63858}</UniqueIdentifier>
    </Filter>
    <Filter Include="Исходные файлы\Adj_list">
      <UniqueIdentifier>{95d2706c-d1e2-4561-9a18-a9ba02776049}</UniqueIdentifier>
    </Filter>
    <Filter Include="Файлы заголовков\Adj_list">
      <UniqueIdentifier>{8a498414-f437-45e3-9d5f-c7b3138c4996}</UniqueIdentifier>
    </Filter>
    <Filter Include="Исходные файлы\Finders">
      <UniqueIdentifier>{d76d10cc-67ce-426b-a49b-215be5837664}</UniqueIdentifier>
    </Filter>
    <Filter Include="Файлы заголовков\Finders">
      <UniqueIdentifier>{63354bac-fbbf-4d5d-af5c-bc952117c968}</UniqueIdentifier>
    </Filter>
    <Filter Include="Файлы заголовков\Matrix">
      <UniqueIdentifier>{67bc95d6-441d-419f-bef0-d290cd64f061}</UniqueIdentifier>
    </Filter>
    <Filter Include="Исходные файлы\Dinic">
      <UniqueIdentifier>{d5686c32-d2b5-4581-bb4b-7437593da6d5}</UniqueIdentifier>
    </Filter>
    <Filter Include="Файлы заголовков\Dinic">
      <UniqueIdentifier>{21025a56-8577-4f0b-a67c-2f6beeb7fa9e}</UniqueIdentifier>
    </Filter>
  </ItemGroup>
  <ItemGroup>
    <ClCompile Include="MaxFlowProblem.cpp">
      <Filter>Исходные файлы</Filter>
    </ClCompile>
    <ClCompile Include="ford_fulkerson.cpp">
      <Filter>Исходные файлы\Ford_Fulkerson</Filter>
    </ClCompile>
    <ClCompile Include="matrix_ff.cpp">
      <Filter>Исходные файлы\Ford_Fulkerson</Filter>
    </ClCompile>
    <ClCompile Include="adjList_ff.cpp">
      <Filter>Исходные файлы\Ford_Fulkerson</Filter>
    </ClCompile>
    <ClCompile Include="network_io.cpp">
      <Filter>Исходные файлы\IO</Filter>
    </ClCompile>
    <ClCompile Include="matrix_network.cpp">
      <Filter>Исходные файлы\Network</Filter>
    </ClCompile>
    <ClCompile Include="network_base.cpp">
      <Filter>Исходные файлы\Network</Filter>
    </ClCompile>
    <ClCompile Include="adjList_network.cpp">
      <Filter>Исходные файлы\Network</Filter>
    </ClCompile>
    <ClCompile Include="adj_list.cpp">
      <Filter>Исходные файлы\Adj_list</Filter>
    </ClCompile>
    <ClCompile Include="IMaxFlowFinder.cpp">
      <Filter>Исходные файлы\Finders</Filter>
    </ClCompile>
    <ClCompile Include="network_converter.cpp">
      <Filter>Исходные файлы\Network</Filter>
    </ClCompile>
    <ClCompile Include="network_generator.cpp">
      <Filter>Исходные файлы\Network</Filter>
    </ClCompile>
    <ClCompile Include="matrix_dinic.cpp">
      <Filter>Исходные файлы\Dinic</Filter>
    </ClCompile>
    <ClCompile Include="dinic.cpp">
      <Filter>Исходные файлы\Dinic</Filter>
    </ClCompile>
    <ClCompile Include="adjList_dinic.cpp">
      <Filter>Исходные файлы\Dinic</Filter>
    </ClCompile>
  </ItemGroup>
  <ItemGroup>
    <ClInclude Include="myArray.h">
      <Filter>Файлы заголовков\Matrix</Filter>
    </ClInclude>
    <ClInclude Include="matrix.h">
      <Filter>Файлы заголовков\Matrix</Filter>
    </ClInclude>
    <ClInclude Include="matrix_ff.h">
      <Filter>Файлы заголовков\Ford_Fulkerson</Filter>
    </ClInclude>
    <ClInclude Include="ford_fulkerson.h">
      <Filter>Файлы заголовков\Ford_Fulkerson</Filter>
    </ClInclude>
    <ClInclude Include="adjList_ff.h">
      <Filter>Файлы заголовков\Ford_Fulkerson</Filter>
    </ClInclude>
    <ClInclude Include="myArray.hpp">
      <Filter>Файлы заголовков\Matrix</Filter>
    </ClInclude>
    <ClInclude Include="matrix.hpp">
      <Filter>Файлы заголовков\Matrix</Filter>
    </ClInclude>
    <ClInclude Include="network_io.h">
      <Filter>Файлы заголовков\IO</Filter>
    </ClInclude>
    <ClInclude Include="network_base.h">
      <Filter>Файлы заголовков\Network</Filter>
    </ClInclude>
    <ClInclude Include="adj_list.h">
      <Filter>Файлы заголовков\Adj_list</Filter>
    </ClInclude>
    <ClInclude Include="IMaxFlowFinder.h">
      <Filter>Файлы заголовков\Finders</Filter>
    </ClInclude>
    <ClInclude Include="network_converter.h">
      <Filter>Файлы заголовков\Network</Filter>
    </ClInclude>
    <ClInclude Include="network_generator.h">
      <Filter>Файлы заголовков\Network</Filter>
    </ClInclude>
    <ClInclude Include="network_params.h">
      <Filter>Файлы заголовков\Network</Filter>
    </ClInclude>
    <ClInclude Include="matrix_network.h">
      <Filter>Файлы заголовков\Network</Filter>
    </ClInclude>
    <ClInclude Include="adjList_network.h">
      <Filter>Файлы заголовков\Network</Filter>
    </ClInclude>
    <ClInclude Include="matrix_dinic.h">
      <Filter>Файлы заголовков\Dinic</Filter>
    </ClInclude>
    <ClInclude Include="dinic.h">
      <Filter>Файлы заголовков\Dinic</Filter>
    </ClInclude>
    <ClInclude Include="adjList_dinic.h">
      <Filter>Файлы заголовков\Dinic</Filter>
    </ClInclude>
  </ItemGroup>
  <ItemGroup>
    <Text Include="params.txt">
      <Filter>Файлы ресурсов</Filter>
    </Text>
    <Text Include="network.txt">
      <Filter>Файлы ресурсов</Filter>
    </Text>
  </ItemGroup>
</Project>